// !$*UTF8*$!
{
	archiveVersion = 1;
	classes = {
	};
	objectVersion = 50;
	objects = {

/* Begin PBXBuildFile section */
		6918467C2803FE7E00674313 /* ecfab1b7449dff80a6c3483006304a7e.jpeg in Resources */ = {isa = PBXBuildFile; fileRef = 6918467B2803FE7E00674313 /* ecfab1b7449dff80a6c3483006304a7e.jpeg */; };
		6918467F2804578D00674313 /* LayerLabel.m in Sources */ = {isa = PBXBuildFile; fileRef = 6918467E2804578D00674313 /* LayerLabel.m */; };
		6918468228051A5F00674313 /* ReflectionView.m in Sources */ = {isa = PBXBuildFile; fileRef = 6918468128051A5F00674313 /* ReflectionView.m */; };
		69377A7425C3F95100103DF3 /* AppDelegate.m in Sources */ = {isa = PBXBuildFile; fileRef = 69377A7325C3F95100103DF3 /* AppDelegate.m */; };
		69377A7725C3F95100103DF3 /* SceneDelegate.m in Sources */ = {isa = PBXBuildFile; fileRef = 69377A7625C3F95100103DF3 /* SceneDelegate.m */; };
		69377A7A25C3F95100103DF3 /* ViewController.m in Sources */ = {isa = PBXBuildFile; fileRef = 69377A7925C3F95100103DF3 /* ViewController.m */; };
		69377A7D25C3F95100103DF3 /* Main.storyboard in Resources */ = {isa = PBXBuildFile; fileRef = 69377A7B25C3F95100103DF3 /* Main.storyboard */; };
		69377A7F25C3F95400103DF3 /* Assets.xcassets in Resources */ = {isa = PBXBuildFile; fileRef = 69377A7E25C3F95400103DF3 /* Assets.xcassets */; };
		69377A8225C3F95400103DF3 /* LaunchScreen.storyboard in Resources */ = {isa = PBXBuildFile; fileRef = 69377A8025C3F95400103DF3 /* LaunchScreen.storyboard */; };
		69377A8525C3F95400103DF3 /* main.m in Sources */ = {isa = PBXBuildFile; fileRef = 69377A8425C3F95400103DF3 /* main.m */; };
		69F76A3527FED13100776054 /* test1.png in Resources */ = {isa = PBXBuildFile; fileRef = 69F76A3427FED13100776054 /* test1.png */; };
		69F76A3B27FED33B00776054 /* 65d8143bd5393aaf1cbe117f0e00425f.jpeg in Resources */ = {isa = PBXBuildFile; fileRef = 69F76A3A27FED33B00776054 /* 65d8143bd5393aaf1cbe117f0e00425f.jpeg */; };
		69F76A7827FEE72600776054 /* BlueView.m in Sources */ = {isa = PBXBuildFile; fileRef = 69F76A7727FEE72500776054 /* BlueView.m */; };
/* End PBXBuildFile section */

/* Begin PBXFileReference section */
		6918467B2803FE7E00674313 /* ecfab1b7449dff80a6c3483006304a7e.jpeg */ = {isa = PBXFileReference; lastKnownFileType = image.jpeg; path = ecfab1b7449dff80a6c3483006304a7e.jpeg; sourceTree = "<group>"; };
		6918467D2804578D00674313 /* LayerLabel.h */ = {isa = PBXFileReference; lastKnownFileType = sourcecode.c.h; path = LayerLabel.h; sourceTree = "<group>"; };
		6918467E2804578D00674313 /* LayerLabel.m */ = {isa = PBXFileReference; lastKnownFileType = sourcecode.c.objc; path = LayerLabel.m; sourceTree = "<group>"; };
		6918468028051A5E00674313 /* ReflectionView.h */ = {isa = PBXFileReference; lastKnownFileType = sourcecode.c.h; path = ReflectionView.h; sourceTree = "<group>"; };
		6918468128051A5F00674313 /* ReflectionView.m */ = {isa = PBXFileReference; lastKnownFileType = sourcecode.c.objc; path = ReflectionView.m; sourceTree = "<group>"; };
		69377A6F25C3F95100103DF3 /* Core-Animation.app */ = {isa = PBXFileReference; explicitFileType = wrapper.application; includeInIndex = 0; path = "Core-Animation.app"; sourceTree = BUILT_PRODUCTS_DIR; };
		69377A7225C3F95100103DF3 /* AppDelegate.h */ = {isa = PBXFileReference; lastKnownFileType = sourcecode.c.h; path = AppDelegate.h; sourceTree = "<group>"; };
		69377A7325C3F95100103DF3 /* AppDelegate.m */ = {isa = PBXFileReference; lastKnownFileType = sourcecode.c.objc; path = AppDelegate.m; sourceTree = "<group>"; };
		69377A7525C3F95100103DF3 /* SceneDelegate.h */ = {isa = PBXFileReference; lastKnownFileType = sourcecode.c.h; path = SceneDelegate.h; sourceTree = "<group>"; };
		69377A7625C3F95100103DF3 /* SceneDelegate.m */ = {isa = PBXFileReference; lastKnownFileType = sourcecode.c.objc; path = SceneDelegate.m; sourceTree = "<group>"; };
		69377A7825C3F95100103DF3 /* ViewController.h */ = {isa = PBXFileReference; lastKnownFileType = sourcecode.c.h; path = ViewController.h; sourceTree = "<group>"; };
		69377A7925C3F95100103DF3 /* ViewController.m */ = {isa = PBXFileReference; lastKnownFileType = sourcecode.c.objc; path = ViewController.m; sourceTree = "<group>"; };
		69377A7C25C3F95100103DF3 /* Base */ = {isa = PBXFileReference; lastKnownFileType = file.storyboard; name = Base; path = Base.lproj/Main.storyboard; sourceTree = "<group>"; };
		69377A7E25C3F95400103DF3 /* Assets.xcassets */ = {isa = PBXFileReference; lastKnownFileType = folder.assetcatalog; path = Assets.xcassets; sourceTree = "<group>"; };
		69377A8125C3F95400103DF3 /* Base */ = {isa = PBXFileReference; lastKnownFileType = file.storyboard; name = Base; path = Base.lproj/LaunchScreen.storyboard; sourceTree = "<group>"; };
		69377A8325C3F95400103DF3 /* Info.plist */ = {isa = PBXFileReference; lastKnownFileType = text.plist.xml; path = Info.plist; sourceTree = "<group>"; };
		69377A8425C3F95400103DF3 /* main.m */ = {isa = PBXFileReference; lastKnownFileType = sourcecode.c.objc; path = main.m; sourceTree = "<group>"; };
		69F76A3427FED13100776054 /* test1.png */ = {isa = PBXFileReference; lastKnownFileType = image.png; path = test1.png; sourceTree = "<group>"; };
		69F76A3A27FED33B00776054 /* 65d8143bd5393aaf1cbe117f0e00425f.jpeg */ = {isa = PBXFileReference; lastKnownFileType = image.jpeg; path = 65d8143bd5393aaf1cbe117f0e00425f.jpeg; sourceTree = "<group>"; };
		69F76A7627FEE72500776054 /* BlueView.h */ = {isa = PBXFileReference; lastKnownFileType = sourcecode.c.h; path = BlueView.h; sourceTree = "<group>"; };
		69F76A7727FEE72500776054 /* BlueView.m */ = {isa = PBXFileReference; lastKnownFileType = sourcecode.c.objc; path = BlueView.m; sourceTree = "<group>"; };
/* End PBXFileReference section */

/* Begin PBXFrameworksBuildPhase section */
		69377A6C25C3F95100103DF3 /* Frameworks */ = {
			isa = PBXFrameworksBuildPhase;
			buildActionMask = 2147483647;
			files = (
			);
			runOnlyForDeploymentPostprocessing = 0;
		};
/* End PBXFrameworksBuildPhase section */

/* Begin PBXGroup section */
		69377A6625C3F95100103DF3 = {
			isa = PBXGroup;
			children = (
				69377A7125C3F95100103DF3 /* Core-Animation */,
				69377A7025C3F95100103DF3 /* Products */,
			);
			sourceTree = "<group>";
		};
		69377A7025C3F95100103DF3 /* Products */ = {
			isa = PBXGroup;
			children = (
				69377A6F25C3F95100103DF3 /* Core-Animation.app */,
			);
			name = Products;
			sourceTree = "<group>";
		};
		69377A7125C3F95100103DF3 /* Core-Animation */ = {
			isa = PBXGroup;
			children = (
				6918467B2803FE7E00674313 /* ecfab1b7449dff80a6c3483006304a7e.jpeg */,
				69F76A3A27FED33B00776054 /* 65d8143bd5393aaf1cbe117f0e00425f.jpeg */,
				69F76A3427FED13100776054 /* test1.png */,
				69377A7225C3F95100103DF3 /* AppDelegate.h */,
				69377A7325C3F95100103DF3 /* AppDelegate.m */,
				69377A7525C3F95100103DF3 /* SceneDelegate.h */,
				69377A7625C3F95100103DF3 /* SceneDelegate.m */,
				69377A7825C3F95100103DF3 /* ViewController.h */,
				69377A7925C3F95100103DF3 /* ViewController.m */,
				6918468028051A5E00674313 /* ReflectionView.h */,
				6918468128051A5F00674313 /* ReflectionView.m */,
				6918467D2804578D00674313 /* LayerLabel.h */,
				6918467E2804578D00674313 /* LayerLabel.m */,
				69F76A7627FEE72500776054 /* BlueView.h */,
				69F76A7727FEE72500776054 /* BlueView.m */,
				69377A7B25C3F95100103DF3 /* Main.storyboard */,
				69377A7E25C3F95400103DF3 /* Assets.xcassets */,
				69377A8025C3F95400103DF3 /* LaunchScreen.storyboard */,
				69377A8325C3F95400103DF3 /* Info.plist */,
				69377A8425C3F95400103DF3 /* main.m */,
			);
			path = "Core-Animation";
			sourceTree = "<group>";
		};
/* End PBXGroup section */

/* Begin PBXNativeTarget section */
		69377A6E25C3F95100103DF3 /* Core-Animation */ = {
			isa = PBXNativeTarget;
			buildConfigurationList = 69377A8825C3F95400103DF3 /* Build configuration list for PBXNativeTarget "Core-Animation" */;
			buildPhases = (
				69377A6B25C3F95100103DF3 /* Sources */,
				69377A6C25C3F95100103DF3 /* Frameworks */,
				69377A6D25C3F95100103DF3 /* Resources */,
			);
			buildRules = (
			);
			dependencies = (
			);
			name = "Core-Animation";
			productName = Test;
			productReference = 69377A6F25C3F95100103DF3 /* Core-Animation.app */;
			productType = "com.apple.product-type.application";
		};
/* End PBXNativeTarget section */

/* Begin PBXProject section */
		69377A6725C3F95100103DF3 /* Project object */ = {
			isa = PBXProject;
			attributes = {
				LastUpgradeCheck = 1230;
				TargetAttributes = {
					69377A6E25C3F95100103DF3 = {
						CreatedOnToolsVersion = 12.3;
					};
				};
			};
			buildConfigurationList = 69377A6A25C3F95100103DF3 /* Build configuration list for PBXProject "Core-Animation" */;
			compatibilityVersion = "Xcode 9.3";
			developmentRegion = en;
			hasScannedForEncodings = 0;
			knownRegions = (
				en,
				Base,
			);
			mainGroup = 69377A6625C3F95100103DF3;
			productRefGroup = 69377A7025C3F95100103DF3 /* Products */;
			projectDirPath = "";
			projectRoot = "";
			targets = (
				69377A6E25C3F95100103DF3 /* Core-Animation */,
			);
		};
/* End PBXProject section */

/* Begin PBXResourcesBuildPhase section */
		69377A6D25C3F95100103DF3 /* Resources */ = {
			isa = PBXResourcesBuildPhase;
			buildActionMask = 2147483647;
			files = (
				69377A8225C3F95400103DF3 /* LaunchScreen.storyboard in Resources */,
				6918467C2803FE7E00674313 /* ecfab1b7449dff80a6c3483006304a7e.jpeg in Resources */,
				69F76A3527FED13100776054 /* test1.png in Resources */,
				69377A7F25C3F95400103DF3 /* Assets.xcassets in Resources */,
				69F76A3B27FED33B00776054 /* 65d8143bd5393aaf1cbe117f0e00425f.jpeg in Resources */,
				69377A7D25C3F95100103DF3 /* Main.storyboard in Resources */,
			);
			runOnlyForDeploymentPostprocessing = 0;
		};
/* End PBXResourcesBuildPhase section */

/* Begin PBXSourcesBuildPhase section */
		69377A6B25C3F95100103DF3 /* Sources */ = {
			isa = PBXSourcesBuildPhase;
			buildActionMask = 2147483647;
			files = (
				6918467F2804578D00674313 /* LayerLabel.m in Sources */,
				69377A7A25C3F95100103DF3 /* ViewController.m in Sources */,
				6918468228051A5F00674313 /* ReflectionView.m in Sources */,
				69377A7425C3F95100103DF3 /* AppDelegate.m in Sources */,
				69F76A7827FEE72600776054 /* BlueView.m in Sources */,
				69377A8525C3F95400103DF3 /* main.m in Sources */,
				69377A7725C3F95100103DF3 /* SceneDelegate.m in Sources */,
			);
			runOnlyForDeploymentPostprocessing = 0;
		};
/* End PBXSourcesBuildPhase section */

/* Begin PBXVariantGroup section */
		69377A7B25C3F95100103DF3 /* Main.storyboard */ = {
			isa = PBXVariantGroup;
			children = (
				69377A7C25C3F95100103DF3 /* Base */,
			);
			name = Main.storyboard;
			sourceTree = "<group>";
		};
		69377A8025C3F95400103DF3 /* LaunchScreen.storyboard */ = {
			isa = PBXVariantGroup;
			children = (
				69377A8125C3F95400103DF3 /* Base */,
			);
			name = LaunchScreen.storyboard;
			sourceTree = "<group>";
		};
/* End PBXVariantGroup section */

/* Begin XCBuildConfiguration section */
		69377A8625C3F95400103DF3 /* Debug */ = {
			isa = XCBuildConfiguration;
			buildSettings = {
				ALWAYS_SEARCH_USER_PATHS = NO;
				CLANG_ANALYZER_NONNULL = YES;
				CLANG_ANALYZER_NUMBER_OBJECT_CONVERSION = YES_AGGRESSIVE;
				CLANG_CXX_LANGUAGE_STANDARD = "gnu++14";
				CLANG_CXX_LIBRARY = "libc++";
				CLANG_ENABLE_MODULES = YES;
				CLANG_ENABLE_OBJC_ARC = YES;
				CLANG_ENABLE_OBJC_WEAK = YES;
				CLANG_WARN_BLOCK_CAPTURE_AUTORELEASING = YES;
				CLANG_WARN_BOOL_CONVERSION = YES;
				CLANG_WARN_COMMA = YES;
				CLANG_WARN_CONSTANT_CONVERSION = YES;
				CLANG_WARN_DEPRECATED_OBJC_IMPLEMENTATIONS = YES;
				CLANG_WARN_DIRECT_OBJC_ISA_USAGE = YES_ERROR;
				CLANG_WARN_DOCUMENTATION_COMMENTS = YES;
				CLANG_WARN_EMPTY_BODY = YES;
				CLANG_WARN_ENUM_CONVERSION = YES;
				CLANG_WARN_INFINITE_RECURSION = YES;
				CLANG_WARN_INT_CONVERSION = YES;
				CLANG_WARN_NON_LITERAL_NULL_CONVERSION = YES;
				CLANG_WARN_OBJC_IMPLICIT_RETAIN_SELF = YES;
				CLANG_WARN_OBJC_LITERAL_CONVERSION = YES;
				CLANG_WARN_OBJC_ROOT_CLASS = YES_ERROR;
				CLANG_WARN_QUOTED_INCLUDE_IN_FRAMEWORK_HEADER = YES;
				CLANG_WARN_RANGE_LOOP_ANALYSIS = YES;
				CLANG_WARN_STRICT_PROTOTYPES = YES;
				CLANG_WARN_SUSPICIOUS_MOVE = YES;
				CLANG_WARN_UNGUARDED_AVAILABILITY = YES_AGGRESSIVE;
				CLANG_WARN_UNREACHABLE_CODE = YES;
				CLANG_WARN__DUPLICATE_METHOD_MATCH = YES;
				COPY_PHASE_STRIP = NO;
				DEBUG_INFORMATION_FORMAT = dwarf;
				ENABLE_STRICT_OBJC_MSGSEND = YES;
				ENABLE_TESTABILITY = YES;
				GCC_C_LANGUAGE_STANDARD = gnu11;
				GCC_DYNAMIC_NO_PIC = NO;
				GCC_NO_COMMON_BLOCKS = YES;
				GCC_OPTIMIZATION_LEVEL = 0;
				GCC_PREPROCESSOR_DEFINITIONS = (
					"DEBUG=1",
					"$(inherited)",
				);
				GCC_WARN_64_TO_32_BIT_CONVERSION = YES;
				GCC_WARN_ABOUT_RETURN_TYPE = YES_ERROR;
				GCC_WARN_UNDECLARED_SELECTOR = YES;
				GCC_WARN_UNINITIALIZED_AUTOS = YES_AGGRESSIVE;
				GCC_WARN_UNUSED_FUNCTION = YES;
				GCC_WARN_UNUSED_VARIABLE = YES;
				IPHONEOS_DEPLOYMENT_TARGET = 14.3;
				MTL_ENABLE_DEBUG_INFO = INCLUDE_SOURCE;
				MTL_FAST_MATH = YES;
				ONLY_ACTIVE_ARCH = YES;
				SDKROOT = iphoneos;
			};
			name = Debug;
		};
		69377A8725C3F95400103DF3 /* Release */ = {
			isa = XCBuildConfiguration;
			buildSettings = {
				ALWAYS_SEARCH_USER_PATHS = NO;
				CLANG_ANALYZER_NONNULL = YES;
				CLANG_ANALYZER_NUMBER_OBJECT_CONVERSION = YES_AGGRESSIVE;
				CLANG_CXX_LANGUAGE_STANDARD = "gnu++14";
				CLANG_CXX_LIBRARY = "libc++";
				CLANG_ENABLE_MODULES = YES;
				CLANG_ENABLE_OBJC_ARC = YES;
				CLANG_ENABLE_OBJC_WEAK = YES;
				CLANG_WARN_BLOCK_CAPTURE_AUTORELEASING = YES;
				CLANG_WARN_BOOL_CONVERSION = YES;
				CLANG_WARN_COMMA = YES;
				CLANG_WARN_CONSTANT_CONVERSION = YES;
				CLANG_WARN_DEPRECATED_OBJC_IMPLEMENTATIONS = YES;
				CLANG_WARN_DIRECT_OBJC_ISA_USAGE = YES_ERROR;
				CLANG_WARN_DOCUMENTATION_COMMENTS = YES;
				CLANG_WARN_EMPTY_BODY = YES;
				CLANG_WARN_ENUM_CONVERSION = YES;
				CLANG_WARN_INFINITE_RECURSION = YES;
				CLANG_WARN_INT_CONVERSION = YES;
				CLANG_WARN_NON_LITERAL_NULL_CONVERSION = YES;
				CLANG_WARN_OBJC_IMPLICIT_RETAIN_SELF = YES;
				CLANG_WARN_OBJC_LITERAL_CONVERSION = YES;
				CLANG_WARN_OBJC_ROOT_CLASS = YES_ERROR;
				CLANG_WARN_QUOTED_INCLUDE_IN_FRAMEWORK_HEADER = YES;
				CLANG_WARN_RANGE_LOOP_ANALYSIS = YES;
				CLANG_WARN_STRICT_PROTOTYPES = YES;
				CLANG_WARN_SUSPICIOUS_MOVE = YES;
				CLANG_WARN_UNGUARDED_AVAILABILITY = YES_AGGRESSIVE;
				CLANG_WARN_UNREACHABLE_CODE = YES;
				CLANG_WARN__DUPLICATE_METHOD_MATCH = YES;
				COPY_PHASE_STRIP = NO;
				DEBUG_INFORMATION_FORMAT = "dwarf-with-dsym";
				ENABLE_NS_ASSERTIONS = NO;
				ENABLE_STRICT_OBJC_MSGSEND = YES;
				GCC_C_LANGUAGE_STANDARD = gnu11;
				GCC_NO_COMMON_BLOCKS = YES;
				GCC_WARN_64_TO_32_BIT_CONVERSION = YES;
				GCC_WARN_ABOUT_RETURN_TYPE = YES_ERROR;
				GCC_WARN_UNDECLARED_SELECTOR = YES;
				GCC_WARN_UNINITIALIZED_AUTOS = YES_AGGRESSIVE;
				GCC_WARN_UNUSED_FUNCTION = YES;
				GCC_WARN_UNUSED_VARIABLE = YES;
				IPHONEOS_DEPLOYMENT_TARGET = 14.3;
				MTL_ENABLE_DEBUG_INFO = NO;
				MTL_FAST_MATH = YES;
				SDKROOT = iphoneos;
				VALIDATE_PRODUCT = YES;
			};
			name = Release;
		};
		69377A8925C3F95400103DF3 /* Debug */ = {
			isa = XCBuildConfiguration;
			buildSettings = {
				ASSETCATALOG_COMPILER_APPICON_NAME = AppIcon;
				ASSETCATALOG_COMPILER_GLOBAL_ACCENT_COLOR_NAME = AccentColor;
				CODE_SIGN_STYLE = Automatic;
				DEVELOPMENT_TEAM = C299C2M2ZC;
				ENABLE_HARDENED_RUNTIME = YES;
				INFOPLIST_FILE = Test/Info.plist;
				LD_RUNPATH_SEARCH_PATHS = (
					"$(inherited)",
					"@executable_path/Frameworks",
				);
				PRODUCT_BUNDLE_IDENTIFIER = com.zhangning.Test;
				PRODUCT_NAME = "$(TARGET_NAME)";
				TARGETED_DEVICE_FAMILY = "1,2";
			};
			name = Debug;
		};
		69377A8A25C3F95400103DF3 /* Release */ = {
			isa = XCBuildConfiguration;
			buildSettings = {
				ASSETCATALOG_COMPILER_APPICON_NAME = AppIcon;
				ASSETCATALOG_COMPILER_GLOBAL_ACCENT_COLOR_NAME = AccentColor;
				CODE_SIGN_STYLE = Automatic;
				DEVELOPMENT_TEAM = C299C2M2ZC;
				ENABLE_HARDENED_RUNTIME = YES;
				INFOPLIST_FILE = Test/Info.plist;
				LD_RUNPATH_SEARCH_PATHS = (
					"$(inherited)",
					"@executable_path/Frameworks",
				);
				PRODUCT_BUNDLE_IDENTIFIER = com.zhangning.Test;
				PRODUCT_NAME = "$(TARGET_NAME)";
				TARGETED_DEVICE_FAMILY = "1,2";
			};
			name = Release;
		};
/* End XCBuildConfiguration section */

/* Begin XCConfigurationList section */
		69377A6A25C3F95100103DF3 /* Build configuration list for PBXProject "Core-Animation" */ = {
			isa = XCConfigurationList;
			buildConfigurations = (
				69377A8625C3F95400103DF3 /* Debug */,
				69377A8725C3F95400103DF3 /* Release */,
			);
			defaultConfigurationIsVisible = 0;
			defaultConfigurationName = Release;
		};
		69377A8825C3F95400103DF3 /* Build configuration list for PBXNativeTarget "Core-Animation" */ = {
			isa = XCConfigurationList;
			buildConfigurations = (
				69377A8925C3F95400103DF3 /* Debug */,
				69377A8A25C3F95400103DF3 /* Release */,
			);
			defaultConfigurationIsVisible = 0;
			defaultConfigurationName = Release;
		};
/* End XCConfigurationList section */
	};
	rootObject = 69377A6725C3F95100103DF3 /* Project object */;
}
